
Microsoft Visual Studio Solution File, Format Version 12.00
# Visual Studio 15
Project("{FAE04EC0-301F-11D3-BF4B-00C04F79EFBC}") = "BigThingsTheFirst", "Assembly-CSharp.csproj", "{E6C084EA-413E-88BF-A5F7-C90CFE4AA60B}"
EndProject
Project("{FAE04EC0-301F-11D3-BF4B-00C04F79EFBC}") = "BigThingsTheFirst", "Assembly-CSharp-firstpass.csproj", "{C3694D21-14CF-291C-3913-535798F08106}"
EndProject
Project("{FAE04EC0-301F-11D3-BF4B-00C04F79EFBC}") = "BigThingsTheFirst", "Assembly-CSharp-Editor.csproj", "{4F99E014-C2BE-26C1-FCE3-B05FF79B0B67}"
EndProject
Project("{FAE04EC0-301F-11D3-BF4B-00C04F79EFBC}") = "BigThingsTheFirst", "Assembly-CSharp-Editor-firstpass.csproj", "{182F6A33-B51E-B142-DB7F-3CA4EED8126F}"
EndProject
Global
	GlobalSection(SolutionConfigurationPlatforms) = preSolution
		Debug|Any CPU = Debug|Any CPU
		Release|Any CPU = Release|Any CPU
	EndGlobalSection
	GlobalSection(ProjectConfigurationPlatforms) = postSolution
		{E6C084EA-413E-88BF-A5F7-C90CFE4AA60B}.Debug|Any CPU.ActiveCfg = Debug|Any CPU
		{E6C084EA-413E-88BF-A5F7-C90CFE4AA60B}.Debug|Any CPU.Build.0 = Debug|Any CPU
		{E6C084EA-413E-88BF-A5F7-C90CFE4AA60B}.Release|Any CPU.ActiveCfg = Release|Any CPU
		{E6C084EA-413E-88BF-A5F7-C90CFE4AA60B}.Release|Any CPU.Build.0 = Release|Any CPU
		{C3694D21-14CF-291C-3913-535798F08106}.Debug|Any CPU.ActiveCfg = Debug|Any CPU
		{C3694D21-14CF-291C-3913-535798F08106}.Debug|Any CPU.Build.0 = Debug|Any CPU
		{C3694D21-14CF-291C-3913-535798F08106}.Release|Any CPU.ActiveCfg = Release|Any CPU
		{C3694D21-14CF-291C-3913-535798F08106}.Release|Any CPU.Build.0 = Release|Any CPU
		{4F99E014-C2BE-26C1-FCE3-B05FF79B0B67}.Debug|Any CPU.ActiveCfg = Debug|Any CPU
		{4F99E014-C2BE-26C1-FCE3-B05FF79B0B67}.Debug|Any CPU.Build.0 = Debug|Any CPU
		{4F99E014-C2BE-26C1-FCE3-B05FF79B0B67}.Release|Any CPU.ActiveCfg = Release|Any CPU
		{4F99E014-C2BE-26C1-FCE3-B05FF79B0B67}.Release|Any CPU.Build.0 = Release|Any CPU
		{182F6A33-B51E-B142-DB7F-3CA4EED8126F}.Debug|Any CPU.ActiveCfg = Debug|Any CPU
		{182F6A33-B51E-B142-DB7F-3CA4EED8126F}.Debug|Any CPU.Build.0 = Debug|Any CPU
		{182F6A33-B51E-B142-DB7F-3CA4EED8126F}.Release|Any CPU.ActiveCfg = Release|Any CPU
		{182F6A33-B51E-B142-DB7F-3CA4EED8126F}.Release|Any CPU.Build.0 = Release|Any CPU
	EndGlobalSection
	GlobalSection(SolutionProperties) = preSolution
		HideSolutionNode = FALSE
	EndGlobalSection
EndGlobal
