
Microsoft Visual Studio Solution File, Format Version 12.00
# Visual Studio 15
Project("{FAE04EC0-301F-11D3-BF4B-00C04F79EFBC}") = "BigThingsTheFirst", "BigThingsTheFirst.csproj", "{384AECF9-BE35-71D9-D6B7-EE05FD279597}"
EndProject
Project("{FAE04EC0-301F-11D3-BF4B-00C04F79EFBC}") = "BigThingsTheFirst.Plugins", "BigThingsTheFirst.Plugins.csproj", "{8F13BE58-6380-C733-3845-F538800BE14E}"
EndProject
Project("{FAE04EC0-301F-11D3-BF4B-00C04F79EFBC}") = "BigThingsTheFirst.Editor", "BigThingsTheFirst.Editor.csproj", "{99EBB61C-DA18-0526-A2F1-DECE57532181}"
EndProject
Project("{FAE04EC0-301F-11D3-BF4B-00C04F79EFBC}") = "BigThingsTheFirst.Editor.Plugins", "BigThingsTheFirst.Editor.Plugins.csproj", "{03DE0F19-B91C-EF87-BCC8-B9506FCB6FD3}"
EndProject
Global
	GlobalSection(SolutionConfigurationPlatforms) = preSolution
		Debug|Any CPU = Debug|Any CPU
		Release|Any CPU = Release|Any CPU
	EndGlobalSection
	GlobalSection(ProjectConfigurationPlatforms) = postSolution
		{384AECF9-BE35-71D9-D6B7-EE05FD279597}.Debug|Any CPU.ActiveCfg = Debug|Any CPU
		{384AECF9-BE35-71D9-D6B7-EE05FD279597}.Debug|Any CPU.Build.0 = Debug|Any CPU
		{384AECF9-BE35-71D9-D6B7-EE05FD279597}.Release|Any CPU.ActiveCfg = Release|Any CPU
		{384AECF9-BE35-71D9-D6B7-EE05FD279597}.Release|Any CPU.Build.0 = Release|Any CPU
		{8F13BE58-6380-C733-3845-F538800BE14E}.Debug|Any CPU.ActiveCfg = Debug|Any CPU
		{8F13BE58-6380-C733-3845-F538800BE14E}.Debug|Any CPU.Build.0 = Debug|Any CPU
		{8F13BE58-6380-C733-3845-F538800BE14E}.Release|Any CPU.ActiveCfg = Release|Any CPU
		{8F13BE58-6380-C733-3845-F538800BE14E}.Release|Any CPU.Build.0 = Release|Any CPU
		{99EBB61C-DA18-0526-A2F1-DECE57532181}.Debug|Any CPU.ActiveCfg = Debug|Any CPU
		{99EBB61C-DA18-0526-A2F1-DECE57532181}.Debug|Any CPU.Build.0 = Debug|Any CPU
		{99EBB61C-DA18-0526-A2F1-DECE57532181}.Release|Any CPU.ActiveCfg = Release|Any CPU
		{99EBB61C-DA18-0526-A2F1-DECE57532181}.Release|Any CPU.Build.0 = Release|Any CPU
		{03DE0F19-B91C-EF87-BCC8-B9506FCB6FD3}.Debug|Any CPU.ActiveCfg = Debug|Any CPU
		{03DE0F19-B91C-EF87-BCC8-B9506FCB6FD3}.Debug|Any CPU.Build.0 = Debug|Any CPU
		{03DE0F19-B91C-EF87-BCC8-B9506FCB6FD3}.Release|Any CPU.ActiveCfg = Release|Any CPU
		{03DE0F19-B91C-EF87-BCC8-B9506FCB6FD3}.Release|Any CPU.Build.0 = Release|Any CPU
	EndGlobalSection
	GlobalSection(SolutionProperties) = preSolution
		HideSolutionNode = FALSE
	EndGlobalSection
EndGlobal
